Microsoft Visual Studio Solution File, Format Version 12.00
# Visual Studio Version 17
VisualStudioVersion = 17.5.2.0
MinimumVisualStudioVersion = 10.0.40219.1
Project("{FAE04EC0-301F-11D3-BF4B-00C04F79EFBC}") = "Gambl", "Gambl.csproj", "{E41E46A7-1F74-2C58-2A7C-0F9ABEDA9FE1}"
EndProject
Global
	GlobalSection(SolutionConfigurationPlatforms) = preSolution
		Debug|Any CPU = Debug|Any CPU
		Release|Any CPU = Release|Any CPU
	EndGlobalSection
	GlobalSection(ProjectConfigurationPlatforms) = postSolution
		{E41E46A7-1F74-2C58-2A7C-0F9ABEDA9FE1}.Debug|Any CPU.ActiveCfg = Debug|Any CPU
		{E41E46A7-1F74-2C58-2A7C-0F9ABEDA9FE1}.Debug|Any CPU.Build.0 = Debug|Any CPU
		{E41E46A7-1F74-2C58-2A7C-0F9ABEDA9FE1}.Release|Any CPU.ActiveCfg = Release|Any CPU
		{E41E46A7-1F74-2C58-2A7C-0F9ABEDA9FE1}.Release|Any CPU.Build.0 = Release|Any CPU
	EndGlobalSection
	GlobalSection(SolutionProperties) = preSolution
		HideSolutionNode = FALSE
	EndGlobalSection
	GlobalSection(ExtensibilityGlobals) = postSolution
		SolutionGuid = {F56DCDBC-E2E4-428E-B66C-CAAAB7A5FAB4}
	EndGlobalSection
EndGlobal
